
Microsoft Visual Studio Solution File, Format Version 12.00
# Visual Studio Version 16
VisualStudioVersion = 16.0.30517.126
MinimumVisualStudioVersion = 10.0.40219.1
Project("{FAE04EC0-301F-11D3-BF4B-00C04F79EFBC}") = "YeezyandSwanson", "YeezyandSwanson\YeezyandSwanson.csproj", "{70BCC116-04BC-476D-B86F-F0A65872D738}"
EndProject
Global
	GlobalSection(SolutionConfigurationPlatforms) = preSolution
		Debug|Any CPU = Debug|Any CPU
		Release|Any CPU = Release|Any CPU
	EndGlobalSection
	GlobalSection(ProjectConfigurationPlatforms) = postSolution
		{70BCC116-04BC-476D-B86F-F0A65872D738}.Debug|Any CPU.ActiveCfg = Debug|Any CPU
		{70BCC116-04BC-476D-B86F-F0A65872D738}.Debug|Any CPU.Build.0 = Debug|Any CPU
		{70BCC116-04BC-476D-B86F-F0A65872D738}.Release|Any CPU.ActiveCfg = Release|Any CPU
		{70BCC116-04BC-476D-B86F-F0A65872D738}.Release|Any CPU.Build.0 = Release|Any CPU
	EndGlobalSection
	GlobalSection(SolutionProperties) = preSolution
		HideSolutionNode = FALSE
	EndGlobalSection
	GlobalSection(ExtensibilityGlobals) = postSolution
		SolutionGuid = {506F4FAE-C069-4EDF-8959-F96E7211033D}
	EndGlobalSection
EndGlobal
